{
  "name": "exact-optional-property-types-fix-test",
  "version": "1.0.0",
  "lockfileVersion": 1,
  "requires": true,
  "dependencies": {
    "typescript": {
      "version": "https://typescript.visualstudio.com/cf7ac146-d525-443c-b23c-0d58337efebc/_apis/build/builds/107256/artifacts?artifactName=tgz&fileId=A249FC3C1F4E540B70977C44884C27EB0042FB333AB3BDDFA2F202C4AE39B06A02&fileName=/typescript-4.4.0-insiders.20210722.tgz",
      "integrity": "sha512-W3pTJnFIES4pSGUteWLQqsjmv1F/lxNSFXN42Jx0qeXT9Q1Y3wdFjMiYGtHUCpcpaUJzVzE7/bhNfzFaLE8Pgw=="
    }
  }
}
